{
  "name": "toplevel-async-wasm-workerd-repro",
  "version": "1.0.0",
  "lockfileVersion": 2,
  "requires": true,
  "packages": {
    "": {
      "name": "toplevel-async-wasm-workerd-repro",
      "version": "1.0.0",
      "devDependencies": {
        "workerd": "^1.20231218.0"
      }
    },
    "node_modules/@cloudflare/workerd-darwin-64": {
      "version": "1.20231218.0",
      "resolved": "https://registry.npmjs.org/@cloudflare/workerd-darwin-64/-/workerd-darwin-64-1.20231218.0.tgz",
      "integrity": "sha512-547gOmTIVmRdDy7HNAGJUPELa+fSDm2Y0OCxqAtQOz0GLTDu1vX61xYmsb2rn91+v3xW6eMttEIpbYokKjtfJA==",
      "cpu": [
        "x64"
      ],
      "dev": true,
      "optional": true,
      "os": [
        "darwin"
      ],
      "engines": {
        "node": ">=16"
      }
    },
    "node_modules/@cloudflare/workerd-darwin-arm64": {
      "version": "1.20231218.0",
      "resolved": "https://registry.npmjs.org/@cloudflare/workerd-darwin-arm64/-/workerd-darwin-arm64-1.20231218.0.tgz",
      "integrity": "sha512-b39qrU1bKolCfmKFDAnX4vXcqzISkEUVE/V8sMBsFzxrIpNAbcUHBZAQPYmS/OHIGB94KjOVokvDi7J6UNurPw==",
      "cpu": [
        "arm64"
      ],
      "dev": true,
      "optional": true,
      "os": [
        "darwin"
      ],
      "engines": {
        "node": ">=16"
      }
    },
    "node_modules/@cloudflare/workerd-linux-64": {
      "version": "1.20231218.0",
      "resolved": "https://registry.npmjs.org/@cloudflare/workerd-linux-64/-/workerd-linux-64-1.20231218.0.tgz",
      "integrity": "sha512-dMUF1wA+0mybm6hHNOCgY/WMNMwomPPs4I7vvYCgwHSkch0Q2Wb7TnxQZSt8d1PK/myibaBwadrlIxpjxmpz3w==",
      "cpu": [
        "x64"
      ],
      "dev": true,
      "optional": true,
      "os": [
        "linux"
      ],
      "engines": {
        "node": ">=16"
      }
    },
    "node_modules/@cloudflare/workerd-linux-arm64": {
      "version": "1.20231218.0",
      "resolved": "https://registry.npmjs.org/@cloudflare/workerd-linux-arm64/-/workerd-linux-arm64-1.20231218.0.tgz",
      "integrity": "sha512-2s5uc8IHt0QmWyKxAr1Fy+4b8Xy0b/oUtlPnm5MrKi2gDRlZzR7JvxENPJCpCnYENydS8lzvkMiAFECPBccmyQ==",
      "cpu": [
        "arm64"
      ],
      "dev": true,
      "optional": true,
      "os": [
        "linux"
      ],
      "engines": {
        "node": ">=16"
      }
    },
    "node_modules/@cloudflare/workerd-windows-64": {
      "version": "1.20231218.0",
      "resolved": "https://registry.npmjs.org/@cloudflare/workerd-windows-64/-/workerd-windows-64-1.20231218.0.tgz",
      "integrity": "sha512-oN5hz6TXUDB5YKUN5N3QWAv6cYz9JjTZ9g16HVyoegVFEL6/zXU3tV19MBX2IvlE11ab/mRogEv9KXVIrHfKmA==",
      "cpu": [
        "x64"
      ],
      "dev": true,
      "optional": true,
      "os": [
        "win32"
      ],
      "engines": {
        "node": ">=16"
      }
    },
    "node_modules/workerd": {
      "version": "1.20231218.0",
      "resolved": "https://registry.npmjs.org/workerd/-/workerd-1.20231218.0.tgz",
      "integrity": "sha512-AGIsDvqCrcwhoA9kb1hxOhVAe53/xJeaGZxL4FbYI9FvO17DZwrnqGq+6eqItJ6Cfw1ZLmf3BM+QdMWaL2bFWQ==",
      "dev": true,
      "hasInstallScript": true,
      "bin": {
        "workerd": "bin/workerd"
      },
      "engines": {
        "node": ">=16"
      },
      "optionalDependencies": {
        "@cloudflare/workerd-darwin-64": "1.20231218.0",
        "@cloudflare/workerd-darwin-arm64": "1.20231218.0",
        "@cloudflare/workerd-linux-64": "1.20231218.0",
        "@cloudflare/workerd-linux-arm64": "1.20231218.0",
        "@cloudflare/workerd-windows-64": "1.20231218.0"
      }
    }
  },
  "dependencies": {
    "@cloudflare/workerd-darwin-64": {
      "version": "1.20231218.0",
      "resolved": "https://registry.npmjs.org/@cloudflare/workerd-darwin-64/-/workerd-darwin-64-1.20231218.0.tgz",
      "integrity": "sha512-547gOmTIVmRdDy7HNAGJUPELa+fSDm2Y0OCxqAtQOz0GLTDu1vX61xYmsb2rn91+v3xW6eMttEIpbYokKjtfJA==",
      "dev": true,
      "optional": true
    },
    "@cloudflare/workerd-darwin-arm64": {
      "version": "1.20231218.0",
      "resolved": "https://registry.npmjs.org/@cloudflare/workerd-darwin-arm64/-/workerd-darwin-arm64-1.20231218.0.tgz",
      "integrity": "sha512-b39qrU1bKolCfmKFDAnX4vXcqzISkEUVE/V8sMBsFzxrIpNAbcUHBZAQPYmS/OHIGB94KjOVokvDi7J6UNurPw==",
      "dev": true,
      "optional": true
    },
    "@cloudflare/workerd-linux-64": {
      "version": "1.20231218.0",
      "resolved": "https://registry.npmjs.org/@cloudflare/workerd-linux-64/-/workerd-linux-64-1.20231218.0.tgz",
      "integrity": "sha512-dMUF1wA+0mybm6hHNOCgY/WMNMwomPPs4I7vvYCgwHSkch0Q2Wb7TnxQZSt8d1PK/myibaBwadrlIxpjxmpz3w==",
      "dev": true,
      "optional": true
    },
    "@cloudflare/workerd-linux-arm64": {
      "version": "1.20231218.0",
      "resolved": "https://registry.npmjs.org/@cloudflare/workerd-linux-arm64/-/workerd-linux-arm64-1.20231218.0.tgz",
      "integrity": "sha512-2s5uc8IHt0QmWyKxAr1Fy+4b8Xy0b/oUtlPnm5MrKi2gDRlZzR7JvxENPJCpCnYENydS8lzvkMiAFECPBccmyQ==",
      "dev": true,
      "optional": true
    },
    "@cloudflare/workerd-windows-64": {
      "version": "1.20231218.0",
      "resolved": "https://registry.npmjs.org/@cloudflare/workerd-windows-64/-/workerd-windows-64-1.20231218.0.tgz",
      "integrity": "sha512-oN5hz6TXUDB5YKUN5N3QWAv6cYz9JjTZ9g16HVyoegVFEL6/zXU3tV19MBX2IvlE11ab/mRogEv9KXVIrHfKmA==",
      "dev": true,
      "optional": true
    },
    "workerd": {
      "version": "1.20231218.0",
      "resolved": "https://registry.npmjs.org/workerd/-/workerd-1.20231218.0.tgz",
      "integrity": "sha512-AGIsDvqCrcwhoA9kb1hxOhVAe53/xJeaGZxL4FbYI9FvO17DZwrnqGq+6eqItJ6Cfw1ZLmf3BM+QdMWaL2bFWQ==",
      "dev": true,
      "requires": {
        "@cloudflare/workerd-darwin-64": "1.20231218.0",
        "@cloudflare/workerd-darwin-arm64": "1.20231218.0",
        "@cloudflare/workerd-linux-64": "1.20231218.0",
        "@cloudflare/workerd-linux-arm64": "1.20231218.0",
        "@cloudflare/workerd-windows-64": "1.20231218.0"
      }
    }
  }
}
